
Microsoft Visual Studio Solution File, Format Version 12.00
# Visual Studio Version 17
VisualStudioVersion = 17.8.34309.116
MinimumVisualStudioVersion = 10.0.40219.1
Project("{9A19103F-16F7-4668-BE54-9A1E7A4F7556}") = "ScreenSoundSwitch", "ScreenSoundSwitch\ScreenSoundSwitch.csproj", "{51FC180F-42DA-4D20-8034-6FB83801278A}"
EndProject
Project("{9A19103F-16F7-4668-BE54-9A1E7A4F7556}") = "SoundSwitch.Audio.Manager", "..\SoundSwitch\SoundSwitch.Audio.Manager\SoundSwitch.Audio.Manager.csproj", "{12CEF41C-CFE6-41D9-B782-679D09F856ED}"
EndProject
Project("{9A19103F-16F7-4668-BE54-9A1E7A4F7556}") = "SoundSwitch.Common", "..\SoundSwitch\SoundSwitch.Common\SoundSwitch.Common.csproj", "{56D064C9-4B4A-4FFD-BC21-EC982BED468D}"
EndProject
Global
	GlobalSection(SolutionConfigurationPlatforms) = preSolution
		Debug|Any CPU = Debug|Any CPU
		Nightly|Any CPU = Nightly|Any CPU
		Release|Any CPU = Release|Any CPU
	EndGlobalSection
	GlobalSection(ProjectConfigurationPlatforms) = postSolution
		{51FC180F-42DA-4D20-8034-6FB83801278A}.Debug|Any CPU.ActiveCfg = Debug|Any CPU
		{51FC180F-42DA-4D20-8034-6FB83801278A}.Debug|Any CPU.Build.0 = Debug|Any CPU
		{51FC180F-42DA-4D20-8034-6FB83801278A}.Nightly|Any CPU.ActiveCfg = Debug|Any CPU
		{51FC180F-42DA-4D20-8034-6FB83801278A}.Nightly|Any CPU.Build.0 = Debug|Any CPU
		{51FC180F-42DA-4D20-8034-6FB83801278A}.Release|Any CPU.ActiveCfg = Release|Any CPU
		{51FC180F-42DA-4D20-8034-6FB83801278A}.Release|Any CPU.Build.0 = Release|Any CPU
		{12CEF41C-CFE6-41D9-B782-679D09F856ED}.Debug|Any CPU.ActiveCfg = Debug|Any CPU
		{12CEF41C-CFE6-41D9-B782-679D09F856ED}.Debug|Any CPU.Build.0 = Debug|Any CPU
		{12CEF41C-CFE6-41D9-B782-679D09F856ED}.Nightly|Any CPU.ActiveCfg = Nightly|Any CPU
		{12CEF41C-CFE6-41D9-B782-679D09F856ED}.Nightly|Any CPU.Build.0 = Nightly|Any CPU
		{12CEF41C-CFE6-41D9-B782-679D09F856ED}.Release|Any CPU.ActiveCfg = Release|Any CPU
		{12CEF41C-CFE6-41D9-B782-679D09F856ED}.Release|Any CPU.Build.0 = Release|Any CPU
		{56D064C9-4B4A-4FFD-BC21-EC982BED468D}.Debug|Any CPU.ActiveCfg = Debug|Any CPU
		{56D064C9-4B4A-4FFD-BC21-EC982BED468D}.Debug|Any CPU.Build.0 = Debug|Any CPU
		{56D064C9-4B4A-4FFD-BC21-EC982BED468D}.Nightly|Any CPU.ActiveCfg = Nightly|Any CPU
		{56D064C9-4B4A-4FFD-BC21-EC982BED468D}.Nightly|Any CPU.Build.0 = Nightly|Any CPU
		{56D064C9-4B4A-4FFD-BC21-EC982BED468D}.Release|Any CPU.ActiveCfg = Release|Any CPU
		{56D064C9-4B4A-4FFD-BC21-EC982BED468D}.Release|Any CPU.Build.0 = Release|Any CPU
	EndGlobalSection
	GlobalSection(SolutionProperties) = preSolution
		HideSolutionNode = FALSE
	EndGlobalSection
	GlobalSection(ExtensibilityGlobals) = postSolution
		SolutionGuid = {BB192092-0513-44A9-AEA0-6CD23BF98712}
	EndGlobalSection
EndGlobal
